
Microsoft Visual Studio Solution File, Format Version 12.00
# Visual Studio Version 17
VisualStudioVersion = 17.13.35931.197 d17.13
MinimumVisualStudioVersion = 10.0.40219.1
Project("{FAE04EC0-301F-11D3-BF4B-00C04F79EFBC}") = "GOF", "GOF\GOF.csproj", "{8A626E59-AB45-4E12-9590-1B9192F1F164}"
EndProject
Global
	GlobalSection(SolutionConfigurationPlatforms) = preSolution
		Debug|Any CPU = Debug|Any CPU
		Release|Any CPU = Release|Any CPU
	EndGlobalSection
	GlobalSection(ProjectConfigurationPlatforms) = postSolution
		{8A626E59-AB45-4E12-9590-1B9192F1F164}.Debug|Any CPU.ActiveCfg = Debug|Any CPU
		{8A626E59-AB45-4E12-9590-1B9192F1F164}.Debug|Any CPU.Build.0 = Debug|Any CPU
		{8A626E59-AB45-4E12-9590-1B9192F1F164}.Release|Any CPU.ActiveCfg = Release|Any CPU
		{8A626E59-AB45-4E12-9590-1B9192F1F164}.Release|Any CPU.Build.0 = Release|Any CPU
	EndGlobalSection
	GlobalSection(SolutionProperties) = preSolution
		HideSolutionNode = FALSE
	EndGlobalSection
	GlobalSection(ExtensibilityGlobals) = postSolution
		SolutionGuid = {85603FE7-A940-4C5F-AFFD-F1FE3EC66CC0}
	EndGlobalSection
EndGlobal
