
Microsoft Visual Studio Solution File, Format Version 12.00
# Visual Studio Version 17
VisualStudioVersion = 17.13.35931.197 d17.13
MinimumVisualStudioVersion = 10.0.40219.1
Project("{FAE04EC0-301F-11D3-BF4B-00C04F79EFBC}") = "Assignments", "Assignments\Assignments.csproj", "{EB059DD8-BD34-4350-AB6A-BB52B6D5A4EE}"
EndProject
Global
	GlobalSection(SolutionConfigurationPlatforms) = preSolution
		Debug|Any CPU = Debug|Any CPU
		Release|Any CPU = Release|Any CPU
	EndGlobalSection
	GlobalSection(ProjectConfigurationPlatforms) = postSolution
		{EB059DD8-BD34-4350-AB6A-BB52B6D5A4EE}.Debug|Any CPU.ActiveCfg = Debug|Any CPU
		{EB059DD8-BD34-4350-AB6A-BB52B6D5A4EE}.Debug|Any CPU.Build.0 = Debug|Any CPU
		{EB059DD8-BD34-4350-AB6A-BB52B6D5A4EE}.Release|Any CPU.ActiveCfg = Release|Any CPU
		{EB059DD8-BD34-4350-AB6A-BB52B6D5A4EE}.Release|Any CPU.Build.0 = Release|Any CPU
	EndGlobalSection
	GlobalSection(SolutionProperties) = preSolution
		HideSolutionNode = FALSE
	EndGlobalSection
	GlobalSection(ExtensibilityGlobals) = postSolution
		SolutionGuid = {E63E721F-88E0-47E1-AA7A-CB44B2C53A82}
	EndGlobalSection
EndGlobal
